
Microsoft Visual Studio Solution File, Format Version 11.00
# Visual Studio 2010
Project("{FAE04EC0-301F-11D3-BF4B-00C04F79EFBC}") = "Lib", "Lib\Lib.csproj", "{B008B9A1-5825-412B-93BB-52B193B7A8D0}"
EndProject
Project("{2150E333-8FDC-42A3-9474-1A3956D46DE8}") = "Demo", "Demo", "{BDA9ECA6-944B-4F6B-8AD2-F9E19DA4C357}"
EndProject
Project("{FAE04EC0-301F-11D3-BF4B-00C04F79EFBC}") = "Client", "Client\Client.csproj", "{01D247F8-4184-4296-B846-B18948DD40B4}"
EndProject
Project("{FAE04EC0-301F-11D3-BF4B-00C04F79EFBC}") = "Service", "Service\Service.csproj", "{95D40D70-4A35-4685-A044-6168D706BFEF}"
EndProject
Project("{FAE04EC0-301F-11D3-BF4B-00C04F79EFBC}") = "Service.Interface", "Service.Interface\Service.Interface.csproj", "{279F4EC7-06C1-4683-9FE9-BDC54D86D97E}"
EndProject
Global
	GlobalSection(SolutionConfigurationPlatforms) = preSolution
		Debug|Any CPU = Debug|Any CPU
		Debug|Mixed Platforms = Debug|Mixed Platforms
		Debug|x86 = Debug|x86
		Release|Any CPU = Release|Any CPU
		Release|Mixed Platforms = Release|Mixed Platforms
		Release|x86 = Release|x86
	EndGlobalSection
	GlobalSection(ProjectConfigurationPlatforms) = postSolution
		{B008B9A1-5825-412B-93BB-52B193B7A8D0}.Debug|Any CPU.ActiveCfg = Debug|Any CPU
		{B008B9A1-5825-412B-93BB-52B193B7A8D0}.Debug|Any CPU.Build.0 = Debug|Any CPU
		{B008B9A1-5825-412B-93BB-52B193B7A8D0}.Debug|Mixed Platforms.ActiveCfg = Debug|Any CPU
		{B008B9A1-5825-412B-93BB-52B193B7A8D0}.Debug|Mixed Platforms.Build.0 = Debug|Any CPU
		{B008B9A1-5825-412B-93BB-52B193B7A8D0}.Debug|x86.ActiveCfg = Debug|Any CPU
		{B008B9A1-5825-412B-93BB-52B193B7A8D0}.Release|Any CPU.ActiveCfg = Release|Any CPU
		{B008B9A1-5825-412B-93BB-52B193B7A8D0}.Release|Any CPU.Build.0 = Release|Any CPU
		{B008B9A1-5825-412B-93BB-52B193B7A8D0}.Release|Mixed Platforms.ActiveCfg = Release|Any CPU
		{B008B9A1-5825-412B-93BB-52B193B7A8D0}.Release|Mixed Platforms.Build.0 = Release|Any CPU
		{B008B9A1-5825-412B-93BB-52B193B7A8D0}.Release|x86.ActiveCfg = Release|Any CPU
		{01D247F8-4184-4296-B846-B18948DD40B4}.Debug|Any CPU.ActiveCfg = Debug|x86
		{01D247F8-4184-4296-B846-B18948DD40B4}.Debug|Mixed Platforms.ActiveCfg = Debug|x86
		{01D247F8-4184-4296-B846-B18948DD40B4}.Debug|Mixed Platforms.Build.0 = Debug|x86
		{01D247F8-4184-4296-B846-B18948DD40B4}.Debug|x86.ActiveCfg = Debug|x86
		{01D247F8-4184-4296-B846-B18948DD40B4}.Debug|x86.Build.0 = Debug|x86
		{01D247F8-4184-4296-B846-B18948DD40B4}.Release|Any CPU.ActiveCfg = Release|x86
		{01D247F8-4184-4296-B846-B18948DD40B4}.Release|Mixed Platforms.ActiveCfg = Release|x86
		{01D247F8-4184-4296-B846-B18948DD40B4}.Release|Mixed Platforms.Build.0 = Release|x86
		{01D247F8-4184-4296-B846-B18948DD40B4}.Release|x86.ActiveCfg = Release|x86
		{01D247F8-4184-4296-B846-B18948DD40B4}.Release|x86.Build.0 = Release|x86
		{95D40D70-4A35-4685-A044-6168D706BFEF}.Debug|Any CPU.ActiveCfg = Debug|x86
		{95D40D70-4A35-4685-A044-6168D706BFEF}.Debug|Mixed Platforms.ActiveCfg = Debug|x86
		{95D40D70-4A35-4685-A044-6168D706BFEF}.Debug|Mixed Platforms.Build.0 = Debug|x86
		{95D40D70-4A35-4685-A044-6168D706BFEF}.Debug|x86.ActiveCfg = Debug|x86
		{95D40D70-4A35-4685-A044-6168D706BFEF}.Debug|x86.Build.0 = Debug|x86
		{95D40D70-4A35-4685-A044-6168D706BFEF}.Release|Any CPU.ActiveCfg = Release|x86
		{95D40D70-4A35-4685-A044-6168D706BFEF}.Release|Mixed Platforms.ActiveCfg = Release|x86
		{95D40D70-4A35-4685-A044-6168D706BFEF}.Release|Mixed Platforms.Build.0 = Release|x86
		{95D40D70-4A35-4685-A044-6168D706BFEF}.Release|x86.ActiveCfg = Release|x86
		{95D40D70-4A35-4685-A044-6168D706BFEF}.Release|x86.Build.0 = Release|x86
		{279F4EC7-06C1-4683-9FE9-BDC54D86D97E}.Debug|Any CPU.ActiveCfg = Debug|Any CPU
		{279F4EC7-06C1-4683-9FE9-BDC54D86D97E}.Debug|Any CPU.Build.0 = Debug|Any CPU
		{279F4EC7-06C1-4683-9FE9-BDC54D86D97E}.Debug|Mixed Platforms.ActiveCfg = Debug|Any CPU
		{279F4EC7-06C1-4683-9FE9-BDC54D86D97E}.Debug|Mixed Platforms.Build.0 = Debug|Any CPU
		{279F4EC7-06C1-4683-9FE9-BDC54D86D97E}.Debug|x86.ActiveCfg = Debug|Any CPU
		{279F4EC7-06C1-4683-9FE9-BDC54D86D97E}.Release|Any CPU.ActiveCfg = Release|Any CPU
		{279F4EC7-06C1-4683-9FE9-BDC54D86D97E}.Release|Any CPU.Build.0 = Release|Any CPU
		{279F4EC7-06C1-4683-9FE9-BDC54D86D97E}.Release|Mixed Platforms.ActiveCfg = Release|Any CPU
		{279F4EC7-06C1-4683-9FE9-BDC54D86D97E}.Release|Mixed Platforms.Build.0 = Release|Any CPU
		{279F4EC7-06C1-4683-9FE9-BDC54D86D97E}.Release|x86.ActiveCfg = Release|Any CPU
	EndGlobalSection
	GlobalSection(SolutionProperties) = preSolution
		HideSolutionNode = FALSE
	EndGlobalSection
	GlobalSection(NestedProjects) = preSolution
		{01D247F8-4184-4296-B846-B18948DD40B4} = {BDA9ECA6-944B-4F6B-8AD2-F9E19DA4C357}
		{95D40D70-4A35-4685-A044-6168D706BFEF} = {BDA9ECA6-944B-4F6B-8AD2-F9E19DA4C357}
		{279F4EC7-06C1-4683-9FE9-BDC54D86D97E} = {BDA9ECA6-944B-4F6B-8AD2-F9E19DA4C357}
	EndGlobalSection
EndGlobal
