
Microsoft Visual Studio Solution File, Format Version 11.00
# Visual Studio 2010
Project("{FAE04EC0-301F-11D3-BF4B-00C04F79EFBC}") = "Service.Interface", "Service.Interface\Service.Interface.csproj", "{3D9D9D64-EACF-42FE-A05A-37F69DA34E90}"
EndProject
Project("{FAE04EC0-301F-11D3-BF4B-00C04F79EFBC}") = "Service", "Service\Service.csproj", "{EF096A04-6C29-46D9-A4CC-8C247A91321F}"
EndProject
Project("{FAE04EC0-301F-11D3-BF4B-00C04F79EFBC}") = "Hosting", "Hosting\Hosting.csproj", "{A900CB3E-4351-449C-B93F-C17F8F3E2E6F}"
EndProject
Project("{FAE04EC0-301F-11D3-BF4B-00C04F79EFBC}") = "Client", "Client\Client.csproj", "{1A8A7E64-7D11-40E5-99E3-BE92C3EEB6C2}"
EndProject
Global
	GlobalSection(SolutionConfigurationPlatforms) = preSolution
		Debug|Any CPU = Debug|Any CPU
		Debug|Mixed Platforms = Debug|Mixed Platforms
		Debug|x86 = Debug|x86
		Release|Any CPU = Release|Any CPU
		Release|Mixed Platforms = Release|Mixed Platforms
		Release|x86 = Release|x86
	EndGlobalSection
	GlobalSection(ProjectConfigurationPlatforms) = postSolution
		{3D9D9D64-EACF-42FE-A05A-37F69DA34E90}.Debug|Any CPU.ActiveCfg = Debug|Any CPU
		{3D9D9D64-EACF-42FE-A05A-37F69DA34E90}.Debug|Any CPU.Build.0 = Debug|Any CPU
		{3D9D9D64-EACF-42FE-A05A-37F69DA34E90}.Debug|Mixed Platforms.ActiveCfg = Debug|Any CPU
		{3D9D9D64-EACF-42FE-A05A-37F69DA34E90}.Debug|Mixed Platforms.Build.0 = Debug|Any CPU
		{3D9D9D64-EACF-42FE-A05A-37F69DA34E90}.Debug|x86.ActiveCfg = Debug|Any CPU
		{3D9D9D64-EACF-42FE-A05A-37F69DA34E90}.Release|Any CPU.ActiveCfg = Release|Any CPU
		{3D9D9D64-EACF-42FE-A05A-37F69DA34E90}.Release|Any CPU.Build.0 = Release|Any CPU
		{3D9D9D64-EACF-42FE-A05A-37F69DA34E90}.Release|Mixed Platforms.ActiveCfg = Release|Any CPU
		{3D9D9D64-EACF-42FE-A05A-37F69DA34E90}.Release|Mixed Platforms.Build.0 = Release|Any CPU
		{3D9D9D64-EACF-42FE-A05A-37F69DA34E90}.Release|x86.ActiveCfg = Release|Any CPU
		{EF096A04-6C29-46D9-A4CC-8C247A91321F}.Debug|Any CPU.ActiveCfg = Debug|Any CPU
		{EF096A04-6C29-46D9-A4CC-8C247A91321F}.Debug|Any CPU.Build.0 = Debug|Any CPU
		{EF096A04-6C29-46D9-A4CC-8C247A91321F}.Debug|Mixed Platforms.ActiveCfg = Debug|Any CPU
		{EF096A04-6C29-46D9-A4CC-8C247A91321F}.Debug|Mixed Platforms.Build.0 = Debug|Any CPU
		{EF096A04-6C29-46D9-A4CC-8C247A91321F}.Debug|x86.ActiveCfg = Debug|Any CPU
		{EF096A04-6C29-46D9-A4CC-8C247A91321F}.Release|Any CPU.ActiveCfg = Release|Any CPU
		{EF096A04-6C29-46D9-A4CC-8C247A91321F}.Release|Any CPU.Build.0 = Release|Any CPU
		{EF096A04-6C29-46D9-A4CC-8C247A91321F}.Release|Mixed Platforms.ActiveCfg = Release|Any CPU
		{EF096A04-6C29-46D9-A4CC-8C247A91321F}.Release|Mixed Platforms.Build.0 = Release|Any CPU
		{EF096A04-6C29-46D9-A4CC-8C247A91321F}.Release|x86.ActiveCfg = Release|Any CPU
		{A900CB3E-4351-449C-B93F-C17F8F3E2E6F}.Debug|Any CPU.ActiveCfg = Debug|x86
		{A900CB3E-4351-449C-B93F-C17F8F3E2E6F}.Debug|Mixed Platforms.ActiveCfg = Debug|x86
		{A900CB3E-4351-449C-B93F-C17F8F3E2E6F}.Debug|Mixed Platforms.Build.0 = Debug|x86
		{A900CB3E-4351-449C-B93F-C17F8F3E2E6F}.Debug|x86.ActiveCfg = Debug|x86
		{A900CB3E-4351-449C-B93F-C17F8F3E2E6F}.Debug|x86.Build.0 = Debug|x86
		{A900CB3E-4351-449C-B93F-C17F8F3E2E6F}.Release|Any CPU.ActiveCfg = Release|x86
		{A900CB3E-4351-449C-B93F-C17F8F3E2E6F}.Release|Mixed Platforms.ActiveCfg = Release|x86
		{A900CB3E-4351-449C-B93F-C17F8F3E2E6F}.Release|Mixed Platforms.Build.0 = Release|x86
		{A900CB3E-4351-449C-B93F-C17F8F3E2E6F}.Release|x86.ActiveCfg = Release|x86
		{A900CB3E-4351-449C-B93F-C17F8F3E2E6F}.Release|x86.Build.0 = Release|x86
		{1A8A7E64-7D11-40E5-99E3-BE92C3EEB6C2}.Debug|Any CPU.ActiveCfg = Debug|x86
		{1A8A7E64-7D11-40E5-99E3-BE92C3EEB6C2}.Debug|Mixed Platforms.ActiveCfg = Debug|x86
		{1A8A7E64-7D11-40E5-99E3-BE92C3EEB6C2}.Debug|Mixed Platforms.Build.0 = Debug|x86
		{1A8A7E64-7D11-40E5-99E3-BE92C3EEB6C2}.Debug|x86.ActiveCfg = Debug|x86
		{1A8A7E64-7D11-40E5-99E3-BE92C3EEB6C2}.Debug|x86.Build.0 = Debug|x86
		{1A8A7E64-7D11-40E5-99E3-BE92C3EEB6C2}.Release|Any CPU.ActiveCfg = Release|x86
		{1A8A7E64-7D11-40E5-99E3-BE92C3EEB6C2}.Release|Mixed Platforms.ActiveCfg = Release|x86
		{1A8A7E64-7D11-40E5-99E3-BE92C3EEB6C2}.Release|Mixed Platforms.Build.0 = Release|x86
		{1A8A7E64-7D11-40E5-99E3-BE92C3EEB6C2}.Release|x86.ActiveCfg = Release|x86
		{1A8A7E64-7D11-40E5-99E3-BE92C3EEB6C2}.Release|x86.Build.0 = Release|x86
	EndGlobalSection
	GlobalSection(SolutionProperties) = preSolution
		HideSolutionNode = FALSE
	EndGlobalSection
EndGlobal
