
Microsoft Visual Studio Solution File, Format Version 11.00
# Visual Studio 2010
Project("{FAE04EC0-301F-11D3-BF4B-00C04F79EFBC}") = "MessageContract2Message", "MessageContract2Message\MessageContract2Message.csproj", "{2CC77FD3-C4B3-45D3-ADE8-8660F4671EAC}"
EndProject
Global
	GlobalSection(SolutionConfigurationPlatforms) = preSolution
		Debug|x86 = Debug|x86
		Release|x86 = Release|x86
	EndGlobalSection
	GlobalSection(ProjectConfigurationPlatforms) = postSolution
		{2CC77FD3-C4B3-45D3-ADE8-8660F4671EAC}.Debug|x86.ActiveCfg = Debug|x86
		{2CC77FD3-C4B3-45D3-ADE8-8660F4671EAC}.Debug|x86.Build.0 = Debug|x86
		{2CC77FD3-C4B3-45D3-ADE8-8660F4671EAC}.Release|x86.ActiveCfg = Release|x86
		{2CC77FD3-C4B3-45D3-ADE8-8660F4671EAC}.Release|x86.Build.0 = Release|x86
	EndGlobalSection
	GlobalSection(SolutionProperties) = preSolution
		HideSolutionNode = FALSE
	EndGlobalSection
EndGlobal
